// !$*UTF8*$!
{
	archiveVersion = 1;
	classes = {
	};
	objectVersion = 50;
	objects = {

/* Begin PBXBuildFile section */
		9D39A5E8243DAA5B003A0BC8 /* DoubleLinkedList.c in Sources */ = {isa = PBXBuildFile; fileRef = 9D39A5E7243DAA5B003A0BC8 /* DoubleLinkedList.c */; };
		9D39A5EB243DDB0B003A0BC8 /* LinkedListHomeWork.c in Sources */ = {isa = PBXBuildFile; fileRef = 9D39A5EA243DDB0B003A0BC8 /* LinkedListHomeWork.c */; };
		B2857CC224386C1C0066F154 /* main.c in Sources */ = {isa = PBXBuildFile; fileRef = B2857CC124386C1C0066F154 /* main.c */; };
		B2857CCD24387EA90066F154 /* LinearTable.c in Sources */ = {isa = PBXBuildFile; fileRef = B2857CCC24387EA90066F154 /* LinearTable.c */; };
		B2EF38AB243CB18C00D7E7B1 /* SingleLinkedList.c in Sources */ = {isa = PBXBuildFile; fileRef = B2EF38AA243CB18C00D7E7B1 /* SingleLinkedList.c */; };
/* End PBXBuildFile section */

/* Begin PBXCopyFilesBuildPhase section */
		B2857CBC24386C1C0066F154 /* CopyFiles */ = {
			isa = PBXCopyFilesBuildPhase;
			buildActionMask = 2147483647;
			dstPath = /usr/share/man/man1/;
			dstSubfolderSpec = 0;
			files = (
			);
			runOnlyForDeploymentPostprocessing = 1;
		};
/* End PBXCopyFilesBuildPhase section */

/* Begin PBXFileReference section */
		9D39A5E6243DAA5B003A0BC8 /* DoubleLinkedList.h */ = {isa = PBXFileReference; lastKnownFileType = sourcecode.c.h; path = DoubleLinkedList.h; sourceTree = "<group>"; };
		9D39A5E7243DAA5B003A0BC8 /* DoubleLinkedList.c */ = {isa = PBXFileReference; lastKnownFileType = sourcecode.c.c; path = DoubleLinkedList.c; sourceTree = "<group>"; };
		9D39A5E9243DDB0B003A0BC8 /* LinkedListHomeWork.h */ = {isa = PBXFileReference; lastKnownFileType = sourcecode.c.h; path = LinkedListHomeWork.h; sourceTree = "<group>"; };
		9D39A5EA243DDB0B003A0BC8 /* LinkedListHomeWork.c */ = {isa = PBXFileReference; lastKnownFileType = sourcecode.c.c; path = LinkedListHomeWork.c; sourceTree = "<group>"; };
		B2857CBE24386C1C0066F154 /* DataStructureAndAlgorithm */ = {isa = PBXFileReference; explicitFileType = "compiled.mach-o.executable"; includeInIndex = 0; path = DataStructureAndAlgorithm; sourceTree = BUILT_PRODUCTS_DIR; };
		B2857CC124386C1C0066F154 /* main.c */ = {isa = PBXFileReference; lastKnownFileType = sourcecode.c.c; path = main.c; sourceTree = "<group>"; };
		B2857CCA243873160066F154 /* Macros.h */ = {isa = PBXFileReference; lastKnownFileType = sourcecode.c.h; path = Macros.h; sourceTree = "<group>"; };
		B2857CCB24387EA90066F154 /* LinearTable.h */ = {isa = PBXFileReference; lastKnownFileType = sourcecode.c.h; path = LinearTable.h; sourceTree = "<group>"; };
		B2857CCC24387EA90066F154 /* LinearTable.c */ = {isa = PBXFileReference; lastKnownFileType = sourcecode.c.c; path = LinearTable.c; sourceTree = "<group>"; };
		B2EF38A9243CB18C00D7E7B1 /* SingleLinkedList.h */ = {isa = PBXFileReference; lastKnownFileType = sourcecode.c.h; path = SingleLinkedList.h; sourceTree = "<group>"; };
		B2EF38AA243CB18C00D7E7B1 /* SingleLinkedList.c */ = {isa = PBXFileReference; lastKnownFileType = sourcecode.c.c; path = SingleLinkedList.c; sourceTree = "<group>"; };
/* End PBXFileReference section */

/* Begin PBXFrameworksBuildPhase section */
		B2857CBB24386C1C0066F154 /* Frameworks */ = {
			isa = PBXFrameworksBuildPhase;
			buildActionMask = 2147483647;
			files = (
			);
			runOnlyForDeploymentPostprocessing = 0;
		};
/* End PBXFrameworksBuildPhase section */

/* Begin PBXGroup section */
		B2857CB524386C1C0066F154 = {
			isa = PBXGroup;
			children = (
				B2857CC024386C1C0066F154 /* DataStructureAndAlgorithm */,
				B2857CBF24386C1C0066F154 /* Products */,
			);
			sourceTree = "<group>";
		};
		B2857CBF24386C1C0066F154 /* Products */ = {
			isa = PBXGroup;
			children = (
				B2857CBE24386C1C0066F154 /* DataStructureAndAlgorithm */,
			);
			name = Products;
			sourceTree = "<group>";
		};
		B2857CC024386C1C0066F154 /* DataStructureAndAlgorithm */ = {
			isa = PBXGroup;
			children = (
				B2857CC124386C1C0066F154 /* main.c */,
				B2857CCA243873160066F154 /* Macros.h */,
				B2857CCB24387EA90066F154 /* LinearTable.h */,
				B2857CCC24387EA90066F154 /* LinearTable.c */,
				B2EF38A9243CB18C00D7E7B1 /* SingleLinkedList.h */,
				B2EF38AA243CB18C00D7E7B1 /* SingleLinkedList.c */,
				9D39A5E6243DAA5B003A0BC8 /* DoubleLinkedList.h */,
				9D39A5E7243DAA5B003A0BC8 /* DoubleLinkedList.c */,
				9D39A5E9243DDB0B003A0BC8 /* LinkedListHomeWork.h */,
				9D39A5EA243DDB0B003A0BC8 /* LinkedListHomeWork.c */,
			);
			path = DataStructureAndAlgorithm;
			sourceTree = "<group>";
		};
/* End PBXGroup section */

/* Begin PBXNativeTarget section */
		B2857CBD24386C1C0066F154 /* DataStructureAndAlgorithm */ = {
			isa = PBXNativeTarget;
			buildConfigurationList = B2857CC524386C1C0066F154 /* Build configuration list for PBXNativeTarget "DataStructureAndAlgorithm" */;
			buildPhases = (
				B2857CBA24386C1C0066F154 /* Sources */,
				B2857CBB24386C1C0066F154 /* Frameworks */,
				B2857CBC24386C1C0066F154 /* CopyFiles */,
			);
			buildRules = (
			);
			dependencies = (
			);
			name = DataStructureAndAlgorithm;
			productName = DataStructureAndAlgorithm;
			productReference = B2857CBE24386C1C0066F154 /* DataStructureAndAlgorithm */;
			productType = "com.apple.product-type.tool";
		};
/* End PBXNativeTarget section */

/* Begin PBXProject section */
		B2857CB624386C1C0066F154 /* Project object */ = {
			isa = PBXProject;
			attributes = {
				LastUpgradeCheck = 1140;
				ORGANIZATIONNAME = "齐科";
				TargetAttributes = {
					B2857CBD24386C1C0066F154 = {
						CreatedOnToolsVersion = 11.3.1;
					};
				};
			};
			buildConfigurationList = B2857CB924386C1C0066F154 /* Build configuration list for PBXProject "DataStructureAndAlgorithm" */;
			compatibilityVersion = "Xcode 9.3";
			developmentRegion = en;
			hasScannedForEncodings = 0;
			knownRegions = (
				en,
				Base,
			);
			mainGroup = B2857CB524386C1C0066F154;
			productRefGroup = B2857CBF24386C1C0066F154 /* Products */;
			projectDirPath = "";
			projectRoot = "";
			targets = (
				B2857CBD24386C1C0066F154 /* DataStructureAndAlgorithm */,
			);
		};
/* End PBXProject section */

/* Begin PBXSourcesBuildPhase section */
		B2857CBA24386C1C0066F154 /* Sources */ = {
			isa = PBXSourcesBuildPhase;
			buildActionMask = 2147483647;
			files = (
				B2857CCD24387EA90066F154 /* LinearTable.c in Sources */,
				9D39A5E8243DAA5B003A0BC8 /* DoubleLinkedList.c in Sources */,
				B2857CC224386C1C0066F154 /* main.c in Sources */,
				B2EF38AB243CB18C00D7E7B1 /* SingleLinkedList.c in Sources */,
				9D39A5EB243DDB0B003A0BC8 /* LinkedListHomeWork.c in Sources */,
			);
			runOnlyForDeploymentPostprocessing = 0;
		};
/* End PBXSourcesBuildPhase section */

/* Begin XCBuildConfiguration section */
		B2857CC324386C1C0066F154 /* Debug */ = {
			isa = XCBuildConfiguration;
			buildSettings = {
				ALWAYS_SEARCH_USER_PATHS = NO;
				CLANG_ANALYZER_NONNULL = YES;
				CLANG_ANALYZER_NUMBER_OBJECT_CONVERSION = YES_AGGRESSIVE;
				CLANG_CXX_LANGUAGE_STANDARD = "gnu++14";
				CLANG_CXX_LIBRARY = "libc++";
				CLANG_ENABLE_MODULES = YES;
				CLANG_ENABLE_OBJC_ARC = YES;
				CLANG_ENABLE_OBJC_WEAK = YES;
				CLANG_WARN_BLOCK_CAPTURE_AUTORELEASING = YES;
				CLANG_WARN_BOOL_CONVERSION = YES;
				CLANG_WARN_COMMA = YES;
				CLANG_WARN_CONSTANT_CONVERSION = YES;
				CLANG_WARN_DEPRECATED_OBJC_IMPLEMENTATIONS = YES;
				CLANG_WARN_DIRECT_OBJC_ISA_USAGE = YES_ERROR;
				CLANG_WARN_DOCUMENTATION_COMMENTS = YES;
				CLANG_WARN_EMPTY_BODY = YES;
				CLANG_WARN_ENUM_CONVERSION = YES;
				CLANG_WARN_INFINITE_RECURSION = YES;
				CLANG_WARN_INT_CONVERSION = YES;
				CLANG_WARN_NON_LITERAL_NULL_CONVERSION = YES;
				CLANG_WARN_OBJC_IMPLICIT_RETAIN_SELF = YES;
				CLANG_WARN_OBJC_LITERAL_CONVERSION = YES;
				CLANG_WARN_OBJC_ROOT_CLASS = YES_ERROR;
				CLANG_WARN_RANGE_LOOP_ANALYSIS = YES;
				CLANG_WARN_STRICT_PROTOTYPES = YES;
				CLANG_WARN_SUSPICIOUS_MOVE = YES;
				CLANG_WARN_UNGUARDED_AVAILABILITY = YES_AGGRESSIVE;
				CLANG_WARN_UNREACHABLE_CODE = YES;
				CLANG_WARN__DUPLICATE_METHOD_MATCH = YES;
				COPY_PHASE_STRIP = NO;
				DEBUG_INFORMATION_FORMAT = dwarf;
				ENABLE_STRICT_OBJC_MSGSEND = YES;
				ENABLE_TESTABILITY = YES;
				GCC_C_LANGUAGE_STANDARD = gnu11;
				GCC_DYNAMIC_NO_PIC = NO;
				GCC_NO_COMMON_BLOCKS = YES;
				GCC_OPTIMIZATION_LEVEL = 0;
				GCC_PREPROCESSOR_DEFINITIONS = (
					"DEBUG=1",
					"$(inherited)",
				);
				GCC_WARN_64_TO_32_BIT_CONVERSION = YES;
				GCC_WARN_ABOUT_RETURN_TYPE = YES_ERROR;
				GCC_WARN_UNDECLARED_SELECTOR = YES;
				GCC_WARN_UNINITIALIZED_AUTOS = YES_AGGRESSIVE;
				GCC_WARN_UNUSED_FUNCTION = YES;
				GCC_WARN_UNUSED_VARIABLE = YES;
				MACOSX_DEPLOYMENT_TARGET = 10.15;
				MTL_ENABLE_DEBUG_INFO = INCLUDE_SOURCE;
				MTL_FAST_MATH = YES;
				ONLY_ACTIVE_ARCH = YES;
				SDKROOT = macosx;
			};
			name = Debug;
		};
		B2857CC424386C1C0066F154 /* Release */ = {
			isa = XCBuildConfiguration;
			buildSettings = {
				ALWAYS_SEARCH_USER_PATHS = NO;
				CLANG_ANALYZER_NONNULL = YES;
				CLANG_ANALYZER_NUMBER_OBJECT_CONVERSION = YES_AGGRESSIVE;
				CLANG_CXX_LANGUAGE_STANDARD = "gnu++14";
				CLANG_CXX_LIBRARY = "libc++";
				CLANG_ENABLE_MODULES = YES;
				CLANG_ENABLE_OBJC_ARC = YES;
				CLANG_ENABLE_OBJC_WEAK = YES;
				CLANG_WARN_BLOCK_CAPTURE_AUTORELEASING = YES;
				CLANG_WARN_BOOL_CONVERSION = YES;
				CLANG_WARN_COMMA = YES;
				CLANG_WARN_CONSTANT_CONVERSION = YES;
				CLANG_WARN_DEPRECATED_OBJC_IMPLEMENTATIONS = YES;
				CLANG_WARN_DIRECT_OBJC_ISA_USAGE = YES_ERROR;
				CLANG_WARN_DOCUMENTATION_COMMENTS = YES;
				CLANG_WARN_EMPTY_BODY = YES;
				CLANG_WARN_ENUM_CONVERSION = YES;
				CLANG_WARN_INFINITE_RECURSION = YES;
				CLANG_WARN_INT_CONVERSION = YES;
				CLANG_WARN_NON_LITERAL_NULL_CONVERSION = YES;
				CLANG_WARN_OBJC_IMPLICIT_RETAIN_SELF = YES;
				CLANG_WARN_OBJC_LITERAL_CONVERSION = YES;
				CLANG_WARN_OBJC_ROOT_CLASS = YES_ERROR;
				CLANG_WARN_RANGE_LOOP_ANALYSIS = YES;
				CLANG_WARN_STRICT_PROTOTYPES = YES;
				CLANG_WARN_SUSPICIOUS_MOVE = YES;
				CLANG_WARN_UNGUARDED_AVAILABILITY = YES_AGGRESSIVE;
				CLANG_WARN_UNREACHABLE_CODE = YES;
				CLANG_WARN__DUPLICATE_METHOD_MATCH = YES;
				COPY_PHASE_STRIP = NO;
				DEBUG_INFORMATION_FORMAT = "dwarf-with-dsym";
				ENABLE_NS_ASSERTIONS = NO;
				ENABLE_STRICT_OBJC_MSGSEND = YES;
				GCC_C_LANGUAGE_STANDARD = gnu11;
				GCC_NO_COMMON_BLOCKS = YES;
				GCC_WARN_64_TO_32_BIT_CONVERSION = YES;
				GCC_WARN_ABOUT_RETURN_TYPE = YES_ERROR;
				GCC_WARN_UNDECLARED_SELECTOR = YES;
				GCC_WARN_UNINITIALIZED_AUTOS = YES_AGGRESSIVE;
				GCC_WARN_UNUSED_FUNCTION = YES;
				GCC_WARN_UNUSED_VARIABLE = YES;
				MACOSX_DEPLOYMENT_TARGET = 10.15;
				MTL_ENABLE_DEBUG_INFO = NO;
				MTL_FAST_MATH = YES;
				SDKROOT = macosx;
			};
			name = Release;
		};
		B2857CC624386C1C0066F154 /* Debug */ = {
			isa = XCBuildConfiguration;
			buildSettings = {
				CODE_SIGN_IDENTITY = "-";
				CODE_SIGN_STYLE = Automatic;
				DEVELOPMENT_TEAM = RGPU8ZAGK3;
				ENABLE_HARDENED_RUNTIME = YES;
				GCC_C_LANGUAGE_STANDARD = gnu11;
				PRODUCT_NAME = "$(TARGET_NAME)";
			};
			name = Debug;
		};
		B2857CC724386C1C0066F154 /* Release */ = {
			isa = XCBuildConfiguration;
			buildSettings = {
				CODE_SIGN_IDENTITY = "-";
				CODE_SIGN_STYLE = Automatic;
				DEVELOPMENT_TEAM = RGPU8ZAGK3;
				ENABLE_HARDENED_RUNTIME = YES;
				GCC_C_LANGUAGE_STANDARD = gnu11;
				PRODUCT_NAME = "$(TARGET_NAME)";
			};
			name = Release;
		};
/* End XCBuildConfiguration section */

/* Begin XCConfigurationList section */
		B2857CB924386C1C0066F154 /* Build configuration list for PBXProject "DataStructureAndAlgorithm" */ = {
			isa = XCConfigurationList;
			buildConfigurations = (
				B2857CC324386C1C0066F154 /* Debug */,
				B2857CC424386C1C0066F154 /* Release */,
			);
			defaultConfigurationIsVisible = 0;
			defaultConfigurationName = Release;
		};
		B2857CC524386C1C0066F154 /* Build configuration list for PBXNativeTarget "DataStructureAndAlgorithm" */ = {
			isa = XCConfigurationList;
			buildConfigurations = (
				B2857CC624386C1C0066F154 /* Debug */,
				B2857CC724386C1C0066F154 /* Release */,
			);
			defaultConfigurationIsVisible = 0;
			defaultConfigurationName = Release;
		};
/* End XCConfigurationList section */
	};
	rootObject = B2857CB624386C1C0066F154 /* Project object */;
}
